
Microsoft Visual Studio Solution File, Format Version 12.00
# Visual Studio 2012
Project("{FAE04EC0-301F-11D3-BF4B-00C04F79EFBC}") = "1.ExtensionMethodSubstring", "1.ExtensionMethodSubstring\1.ExtensionMethodSubstring.csproj", "{8606B109-E76B-4E08-B328-393DA766686D}"
EndProject
Project("{FAE04EC0-301F-11D3-BF4B-00C04F79EFBC}") = "3.4.5.Students", "3.FirstBeforeLastName\3.4.5.Students.csproj", "{93A136AD-F78C-4224-8338-5C944DEB5E70}"
EndProject
Project("{FAE04EC0-301F-11D3-BF4B-00C04F79EFBC}") = "6.Array", "6.Array\6.Array.csproj", "{5CEDEC18-0AB9-4A29-A912-57ED3BED5F1C}"
EndProject
Project("{FAE04EC0-301F-11D3-BF4B-00C04F79EFBC}") = "2.ExtensionIEnumerable", "2.ExtensionIEnumerable\2.ExtensionIEnumerable.csproj", "{D34409E9-2C60-4FC7-85CE-E21C036993F0}"
EndProject
Global
	GlobalSection(SolutionConfigurationPlatforms) = preSolution
		Debug|Any CPU = Debug|Any CPU
		Release|Any CPU = Release|Any CPU
	EndGlobalSection
	GlobalSection(ProjectConfigurationPlatforms) = postSolution
		{8606B109-E76B-4E08-B328-393DA766686D}.Debug|Any CPU.ActiveCfg = Debug|Any CPU
		{8606B109-E76B-4E08-B328-393DA766686D}.Debug|Any CPU.Build.0 = Debug|Any CPU
		{8606B109-E76B-4E08-B328-393DA766686D}.Release|Any CPU.ActiveCfg = Release|Any CPU
		{8606B109-E76B-4E08-B328-393DA766686D}.Release|Any CPU.Build.0 = Release|Any CPU
		{93A136AD-F78C-4224-8338-5C944DEB5E70}.Debug|Any CPU.ActiveCfg = Debug|Any CPU
		{93A136AD-F78C-4224-8338-5C944DEB5E70}.Debug|Any CPU.Build.0 = Debug|Any CPU
		{93A136AD-F78C-4224-8338-5C944DEB5E70}.Release|Any CPU.ActiveCfg = Release|Any CPU
		{93A136AD-F78C-4224-8338-5C944DEB5E70}.Release|Any CPU.Build.0 = Release|Any CPU
		{5CEDEC18-0AB9-4A29-A912-57ED3BED5F1C}.Debug|Any CPU.ActiveCfg = Debug|Any CPU
		{5CEDEC18-0AB9-4A29-A912-57ED3BED5F1C}.Debug|Any CPU.Build.0 = Debug|Any CPU
		{5CEDEC18-0AB9-4A29-A912-57ED3BED5F1C}.Release|Any CPU.ActiveCfg = Release|Any CPU
		{5CEDEC18-0AB9-4A29-A912-57ED3BED5F1C}.Release|Any CPU.Build.0 = Release|Any CPU
		{D34409E9-2C60-4FC7-85CE-E21C036993F0}.Debug|Any CPU.ActiveCfg = Debug|Any CPU
		{D34409E9-2C60-4FC7-85CE-E21C036993F0}.Debug|Any CPU.Build.0 = Debug|Any CPU
		{D34409E9-2C60-4FC7-85CE-E21C036993F0}.Release|Any CPU.ActiveCfg = Release|Any CPU
		{D34409E9-2C60-4FC7-85CE-E21C036993F0}.Release|Any CPU.Build.0 = Release|Any CPU
	EndGlobalSection
	GlobalSection(SolutionProperties) = preSolution
		HideSolutionNode = FALSE
	EndGlobalSection
EndGlobal
